{
  "version": 4,
  "terraform_version": "0.13.0",
  "serial": 4,
  "lineage": "1418d200-b44b-e84a-38c7-ba9edab9e8ca",
  "outputs": {},
  "resources": [
    {
      "module": "module.clickhouse-dev-server",
      "mode": "managed",
      "type": "aws_instance",
      "name": "clickhouse-dev",
      "provider": "provider[\"registry.terraform.io/hashicorp/aws\"]",
      "instances": [
        {
          "schema_version": 1,
          "attributes": {
            "ami": "ami-0ce21b51cb31a48b8",
            "arn": "arn:aws:ec2:us-west-2:833201630273:instance/i-0ef5819f9ac06be6e",
            "associate_public_ip_address": true,
            "availability_zone": "us-west-2c",
            "cpu_core_count": 1,
            "cpu_threads_per_core": 1,
            "credit_specification": [
              {
                "cpu_credits": "standard"
              }
            ],
            "disable_api_termination": false,
            "ebs_block_device": [],
            "ebs_optimized": false,
            "ephemeral_block_device": [],
            "get_password_data": false,
            "hibernation": false,
            "host_id": null,
            "iam_instance_profile": "",
            "id": "i-0ef5819f9ac06be6e",
            "instance_initiated_shutdown_behavior": null,
            "instance_state": "running",
            "instance_type": "t2.micro",
            "ipv6_address_count": 0,
            "ipv6_addresses": [],
            "key_name": "clickhouse-dev",
            "metadata_options": [
              {
                "http_endpoint": "enabled",
                "http_put_response_hop_limit": 1,
                "http_tokens": "optional"
              }
            ],
            "monitoring": false,
            "network_interface": [],
            "network_interface_id": null,
            "outpost_arn": "",
            "password_data": "",
            "placement_group": "",
            "primary_network_interface_id": "eni-0a14297f4d01d5b9c",
            "private_dns": "ip-172-31-14-143.us-west-2.compute.internal",
            "private_ip": "172.31.14.143",
            "public_dns": "ec2-34-221-241-9.us-west-2.compute.amazonaws.com",
            "public_ip": "34.221.241.9",
            "root_block_device": [
              {
                "delete_on_termination": true,
                "device_name": "/dev/xvda",
                "encrypted": false,
                "iops": 100,
                "kms_key_id": "",
                "volume_id": "vol-0ded0696a96529abf",
                "volume_size": 20,
                "volume_type": "gp2"
              }
            ],
            "security_groups": [
              "allow-everything"
            ],
            "source_dest_check": true,
            "subnet_id": "subnet-1475d549",
            "tags": {
              "Name": "poc-clickhouse"
            },
            "tenancy": "default",
            "timeouts": null,
            "user_data": "f367798f7f53b0724339a2a2442437f54d8ef867",
            "user_data_base64": null,
            "volume_tags": {},
            "vpc_security_group_ids": [
              "sg-051300e072ba34cf6"
            ]
          },
          "private": "eyJlMmJmYjczMC1lY2FhLTExZTYtOGY4OC0zNDM2M2JjN2M0YzAiOnsiY3JlYXRlIjo2MDAwMDAwMDAwMDAsImRlbGV0ZSI6MTIwMDAwMDAwMDAwMCwidXBkYXRlIjo2MDAwMDAwMDAwMDB9LCJzY2hlbWFfdmVyc2lvbiI6IjEifQ==",
          "dependencies": [
            "aws_key_pair.clickhouse-dev",
            "module.clickhouse-dev-server.aws_security_group.allow-everything"
          ]
        }
      ]
    },
    {
      "mode": "managed",
      "type": "aws_key_pair",
      "name": "clickhouse-dev",
      "provider": "provider[\"registry.terraform.io/hashicorp/aws\"]",
      "instances": [
        {
          "schema_version": 1,
          "attributes": {
            "arn": "arn:aws:ec2:us-west-2:833201630273:key-pair/clickhouse-dev",
            "fingerprint": "ef:d7:18:c1:ef:7a:96:95:f6:73:5c:5e:b8:28:0b:46",
            "id": "clickhouse-dev",
            "key_name": "clickhouse-dev",
            "key_name_prefix": null,
            "key_pair_id": "key-0df9f829f4e7f9ed1",
            "public_key": "ssh-rsa AAAAB3NzaC1yc2EAAAADAQABAAACAQC0TdQjc4dIZbKEaMN6MNuEsuttYcynqsMB4YOMDo+n7NsObSRiIFUx4Wui+X4R7NcN8VFMSz8ZC//aDP0zwq5sc2OfxZxLYcwpoga13S8/qOKyRfDIkNYm2FqsmKW5FPcTHgKOqjYwXlq5p+umEN8nfvokP7hdXBdN9hx3kDNGS+Jh/q+Q6+A8ueadrgmXhzCD8nnXLRWbY46mmNM3FueDrH44q0NDvpnuhj1HnGEnSDpoLLSEMOL1YG+kfHxZDU5QhKs/npLlK39L9Ox/2boOMjsnK7AFRAygMl2zRvCDqmtevyYswn/Cy6/p7U1mcbDbw2jiWotS+7pvSj/46qNWc7bHtc62naX+GrGVwaqAGY7JmB4oF8T7XY6aly7XeLgyU0/edX4+j+5NI8RvvrtU7WnJhf9aLugO4QUWxPBwbz3r26tQLXoJKlgILXA3vz9khLeNbQyousxk0ROfXHJSbIQCavvsJRmh2sXCPYE7HwIUeBY2Y/0wdx87mJxIOjzApXz0yfuy1RXiAeKioR82yseo82VHmbEHLeAn16r6xW7hyCGJZ14+G/KUcEtqLkoOaWZMRxpfXDbGRHEzZz2uu47cmMADegoItKdjw0Hvbsci+OYirf/vtcoVbfyfUkHG5triIvW2FRKysEAT3P4VYyHG4mpi8oa5PBl0IpkYlQ== cliente@054372",
            "tags": null
          },
          "private": "eyJzY2hlbWFfdmVyc2lvbiI6IjEifQ=="
        }
      ]
    },
    {
      "module": "module.clickhouse-dev-server",
      "mode": "managed",
      "type": "aws_security_group",
      "name": "allow-everything",
      "provider": "provider[\"registry.terraform.io/hashicorp/aws\"]",
      "instances": [
        {
          "schema_version": 1,
          "attributes": {
            "arn": "arn:aws:ec2:us-west-2:833201630273:security-group/sg-051300e072ba34cf6",
            "description": "Will allow every access",
            "egress": [
              {
                "cidr_blocks": [
                  "0.0.0.0/0"
                ],
                "description": "",
                "from_port": 0,
                "ipv6_cidr_blocks": [],
                "prefix_list_ids": [],
                "protocol": "-1",
                "security_groups": [],
                "self": false,
                "to_port": 0
              }
            ],
            "id": "sg-051300e072ba34cf6",
            "ingress": [
              {
                "cidr_blocks": [
                  "0.0.0.0/0"
                ],
                "description": "",
                "from_port": 22,
                "ipv6_cidr_blocks": [],
                "prefix_list_ids": [],
                "protocol": "tcp",
                "security_groups": [],
                "self": false,
                "to_port": 22
              },
              {
                "cidr_blocks": [
                  "0.0.0.0/0"
                ],
                "description": "",
                "from_port": 9000,
                "ipv6_cidr_blocks": [],
                "prefix_list_ids": [],
                "protocol": "tcp",
                "security_groups": [],
                "self": false,
                "to_port": 9000
              }
            ],
            "name": "allow-everything",
            "name_prefix": null,
            "owner_id": "833201630273",
            "revoke_rules_on_delete": false,
            "tags": null,
            "timeouts": null,
            "vpc_id": "vpc-526e2a2a"
          },
          "private": "eyJlMmJmYjczMC1lY2FhLTExZTYtOGY4OC0zNDM2M2JjN2M0YzAiOnsiY3JlYXRlIjo2MDAwMDAwMDAwMDAsImRlbGV0ZSI6NjAwMDAwMDAwMDAwfSwic2NoZW1hX3ZlcnNpb24iOiIxIn0="
        }
      ]
    }
  ]
}
